// !$*UTF8*$!
{
	archiveVersion = 1;
	classes = {
	};
	objectVersion = 46;
	objects = {

/* Begin PBXBuildFile section */
		8007E68D15044700002D2F4D /* Inklings.m in Sources */ = {isa = PBXBuildFile; fileRef = 8007E68C15044700002D2F4D /* Inklings.m */; };
		8021925C1520B7E900C7D3D6 /* InvitesViewController.m in Sources */ = {isa = PBXBuildFile; fileRef = 8021925B1520B7E900C7D3D6 /* InvitesViewController.m */; };
		802ABEB81524F15B0012B18C /* peopleGroups.m in Sources */ = {isa = PBXBuildFile; fileRef = 802ABEB71524F15B0012B18C /* peopleGroups.m */; };
		804DBEB61528E516000FFC1B /* OthersInklingsDataObject.m in Sources */ = {isa = PBXBuildFile; fileRef = 804DBEB51528E516000FFC1B /* OthersInklingsDataObject.m */; };
		804DBEB9152900C7000FFC1B /* othersInklingsNavigationController.m in Sources */ = {isa = PBXBuildFile; fileRef = 804DBEB8152900C7000FFC1B /* othersInklingsNavigationController.m */; };
		80EC990A15235DC500F7CACA /* Invites.m in Sources */ = {isa = PBXBuildFile; fileRef = 80EC990915235DC500F7CACA /* Invites.m */; };
		DF20C47014E8CD3D006EDE9F /* icon57px.png in Resources */ = {isa = PBXBuildFile; fileRef = DF20C46F14E8CD3D006EDE9F /* icon57px.png */; };
		DF48FA8A14F2D5C200F3F13E /* othersInklingsViewController.m in Sources */ = {isa = PBXBuildFile; fileRef = DF48FA8914F2D5C200F3F13E /* othersInklingsViewController.m */; };
		DF5DA03A15237D0B00FA679E /* blotPickerViewController.m in Sources */ = {isa = PBXBuildFile; fileRef = DF5DA03915237D0B00FA679E /* blotPickerViewController.m */; };
		DF7509FF14E8267F00D9E0BA /* UIKit.framework in Frameworks */ = {isa = PBXBuildFile; fileRef = DF7509FE14E8267F00D9E0BA /* UIKit.framework */; };
		DF750A0114E8267F00D9E0BA /* Foundation.framework in Frameworks */ = {isa = PBXBuildFile; fileRef = DF750A0014E8267F00D9E0BA /* Foundation.framework */; };
		DF750A0314E8267F00D9E0BA /* CoreGraphics.framework in Frameworks */ = {isa = PBXBuildFile; fileRef = DF750A0214E8267F00D9E0BA /* CoreGraphics.framework */; };
		DF750A0514E8267F00D9E0BA /* CoreData.framework in Frameworks */ = {isa = PBXBuildFile; fileRef = DF750A0414E8267F00D9E0BA /* CoreData.framework */; };
		DF750A0B14E8267F00D9E0BA /* InfoPlist.strings in Resources */ = {isa = PBXBuildFile; fileRef = DF750A0914E8267F00D9E0BA /* InfoPlist.strings */; };
		DF750A0D14E8267F00D9E0BA /* main.m in Sources */ = {isa = PBXBuildFile; fileRef = DF750A0C14E8267F00D9E0BA /* main.m */; };
		DF750A1114E8267F00D9E0BA /* AppDelegate.m in Sources */ = {isa = PBXBuildFile; fileRef = DF750A1014E8267F00D9E0BA /* AppDelegate.m */; };
		DF750A1414E8267F00D9E0BA /* Inkle.xcdatamodeld in Sources */ = {isa = PBXBuildFile; fileRef = DF750A1214E8267F00D9E0BA /* Inkle.xcdatamodeld */; };
		DF750A1C14E8267F00D9E0BA /* SenTestingKit.framework in Frameworks */ = {isa = PBXBuildFile; fileRef = DF750A1B14E8267F00D9E0BA /* SenTestingKit.framework */; };
		DF750A1D14E8267F00D9E0BA /* UIKit.framework in Frameworks */ = {isa = PBXBuildFile; fileRef = DF7509FE14E8267F00D9E0BA /* UIKit.framework */; };
		DF750A1E14E8267F00D9E0BA /* Foundation.framework in Frameworks */ = {isa = PBXBuildFile; fileRef = DF750A0014E8267F00D9E0BA /* Foundation.framework */; };
		DF750A1F14E8267F00D9E0BA /* CoreData.framework in Frameworks */ = {isa = PBXBuildFile; fileRef = DF750A0414E8267F00D9E0BA /* CoreData.framework */; };
		DF750A2714E8267F00D9E0BA /* InfoPlist.strings in Resources */ = {isa = PBXBuildFile; fileRef = DF750A2514E8267F00D9E0BA /* InfoPlist.strings */; };
		DF750A2A14E8267F00D9E0BA /* InkleTests.m in Sources */ = {isa = PBXBuildFile; fileRef = DF750A2914E8267F00D9E0BA /* InkleTests.m */; };
		DF750A3414E8291100D9E0BA /* Storyboard.storyboard in Resources */ = {isa = PBXBuildFile; fileRef = DF750A3314E8291100D9E0BA /* Storyboard.storyboard */; };
		DF750A3614E8294600D9E0BA /* Default.png in Resources */ = {isa = PBXBuildFile; fileRef = DF750A3514E8294600D9E0BA /* Default.png */; };
		DF750A3814E8294A00D9E0BA /* Default@2x.png in Resources */ = {isa = PBXBuildFile; fileRef = DF750A3714E8294A00D9E0BA /* Default@2x.png */; };
		DF750A3A14E8295100D9E0BA /* icon.png in Resources */ = {isa = PBXBuildFile; fileRef = DF750A3914E8295100D9E0BA /* icon.png */; };
		DF750A3C14E8295400D9E0BA /* icon_retina.png in Resources */ = {isa = PBXBuildFile; fileRef = DF750A3B14E8295400D9E0BA /* icon_retina.png */; };
		DF750A3F14E829DA00D9E0BA /* loginViewController.m in Sources */ = {isa = PBXBuildFile; fileRef = DF750A3E14E829DA00D9E0BA /* loginViewController.m */; };
		DF750A4214E82B0700D9E0BA /* logo.png in Resources */ = {isa = PBXBuildFile; fileRef = DF750A4114E82B0700D9E0BA /* logo.png */; };
		DF7DEEA0153A5FDB0001C0A1 /* myInklingsDateViewController.m in Sources */ = {isa = PBXBuildFile; fileRef = DF7DEE9F153A5FDB0001C0A1 /* myInklingsDateViewController.m */; };
		DF9289791504764B00C31446 /* NSDataAdditions.m in Sources */ = {isa = PBXBuildFile; fileRef = DF9289741504764B00C31446 /* NSDataAdditions.m */; settings = {COMPILER_FLAGS = "-fno-objc-arc"; }; };
		DF92897A1504764B00C31446 /* RXMLElement.m in Sources */ = {isa = PBXBuildFile; fileRef = DF9289761504764B00C31446 /* RXMLElement.m */; settings = {COMPILER_FLAGS = "-fno-objc-arc"; }; };
		DF92897B1504764B00C31446 /* TBXML.m in Sources */ = {isa = PBXBuildFile; fileRef = DF9289781504764B00C31446 /* TBXML.m */; settings = {COMPILER_FLAGS = "-fno-objc-arc"; }; };
		DFBC36411525454500137ABE /* location.jpg in Resources */ = {isa = PBXBuildFile; fileRef = DFBC36401525454500137ABE /* location.jpg */; };
		DFBC3645152557EA00137ABE /* asyncimageview.m in Sources */ = {isa = PBXBuildFile; fileRef = DFBC3644152557EA00137ABE /* asyncimageview.m */; settings = {COMPILER_FLAGS = "-fno-objc-arc"; }; };
		DFC7D12115043EC1000717D5 /* libz.dylib in Frameworks */ = {isa = PBXBuildFile; fileRef = DFC7D12015043EC1000717D5 /* libz.dylib */; };
		DFCA902114F05CC900E2C634 /* mainMenuViewController.m in Sources */ = {isa = PBXBuildFile; fileRef = DFCA902014F05CC900E2C634 /* mainMenuViewController.m */; };
		DFCA902314F05DF500E2C634 /* blotblue.png in Resources */ = {isa = PBXBuildFile; fileRef = DFCA902214F05DF500E2C634 /* blotblue.png */; };
		DFD6D8FC151C59E600B8B118 /* OthersInklingsTableViewController.m in Sources */ = {isa = PBXBuildFile; fileRef = DFD6D8FB151C59E600B8B118 /* OthersInklingsTableViewController.m */; };
		DFFB71E51534C12B00E74DF3 /* MyInklingsViewController.m in Sources */ = {isa = PBXBuildFile; fileRef = DFFB71E41534C12B00E74DF3 /* MyInklingsViewController.m */; };
/* End PBXBuildFile section */

/* Begin PBXContainerItemProxy section */
		DF750A2014E8267F00D9E0BA /* PBXContainerItemProxy */ = {
			isa = PBXContainerItemProxy;
			containerPortal = DF7509F114E8267E00D9E0BA /* Project object */;
			proxyType = 1;
			remoteGlobalIDString = DF7509F914E8267F00D9E0BA;
			remoteInfo = Inkle;
		};
/* End PBXContainerItemProxy section */

/* Begin PBXFileReference section */
		8007E68B15044700002D2F4D /* Inklings.h */ = {isa = PBXFileReference; fileEncoding = 4; lastKnownFileType = sourcecode.c.h; path = Inklings.h; sourceTree = "<group>"; };
		8007E68C15044700002D2F4D /* Inklings.m */ = {isa = PBXFileReference; fileEncoding = 4; lastKnownFileType = sourcecode.c.objc; path = Inklings.m; sourceTree = "<group>"; };
		8021925A1520B7E900C7D3D6 /* InvitesViewController.h */ = {isa = PBXFileReference; fileEncoding = 4; lastKnownFileType = sourcecode.c.h; path = InvitesViewController.h; sourceTree = "<group>"; };
		8021925B1520B7E900C7D3D6 /* InvitesViewController.m */ = {isa = PBXFileReference; fileEncoding = 4; lastKnownFileType = sourcecode.c.objc; path = InvitesViewController.m; sourceTree = "<group>"; };
		802ABEB61524F15B0012B18C /* peopleGroups.h */ = {isa = PBXFileReference; fileEncoding = 4; lastKnownFileType = sourcecode.c.h; path = peopleGroups.h; sourceTree = "<group>"; };
		802ABEB71524F15B0012B18C /* peopleGroups.m */ = {isa = PBXFileReference; fileEncoding = 4; lastKnownFileType = sourcecode.c.objc; path = peopleGroups.m; sourceTree = "<group>"; };
		804DBEB31528E47E000FFC1B /* AppDelegateProtocol.h */ = {isa = PBXFileReference; fileEncoding = 4; lastKnownFileType = sourcecode.c.h; name = AppDelegateProtocol.h; path = ../AppDelegateProtocol.h; sourceTree = "<group>"; };
		804DBEB51528E516000FFC1B /* OthersInklingsDataObject.m */ = {isa = PBXFileReference; fileEncoding = 4; lastKnownFileType = sourcecode.c.objc; name = OthersInklingsDataObject.m; path = Inkle/OthersInklingsDataObject.m; sourceTree = "<group>"; };
		804DBEB7152900C7000FFC1B /* othersInklingsNavigationController.h */ = {isa = PBXFileReference; fileEncoding = 4; lastKnownFileType = sourcecode.c.h; path = othersInklingsNavigationController.h; sourceTree = "<group>"; };
		804DBEB8152900C7000FFC1B /* othersInklingsNavigationController.m */ = {isa = PBXFileReference; fileEncoding = 4; lastKnownFileType = sourcecode.c.objc; path = othersInklingsNavigationController.m; sourceTree = "<group>"; };
		80EC990815235DC500F7CACA /* Invites.h */ = {isa = PBXFileReference; fileEncoding = 4; lastKnownFileType = sourcecode.c.h; path = Invites.h; sourceTree = "<group>"; };
		80EC990915235DC500F7CACA /* Invites.m */ = {isa = PBXFileReference; fileEncoding = 4; lastKnownFileType = sourcecode.c.objc; path = Invites.m; sourceTree = "<group>"; };
		DF20C46F14E8CD3D006EDE9F /* icon57px.png */ = {isa = PBXFileReference; lastKnownFileType = image.png; path = icon57px.png; sourceTree = "<group>"; };
		DF48FA8814F2D5C200F3F13E /* othersInklingsViewController.h */ = {isa = PBXFileReference; fileEncoding = 4; lastKnownFileType = sourcecode.c.h; path = othersInklingsViewController.h; sourceTree = "<group>"; };
		DF48FA8914F2D5C200F3F13E /* othersInklingsViewController.m */ = {isa = PBXFileReference; fileEncoding = 4; lastKnownFileType = sourcecode.c.objc; path = othersInklingsViewController.m; sourceTree = "<group>"; };
		DF5DA03815237D0B00FA679E /* blotPickerViewController.h */ = {isa = PBXFileReference; fileEncoding = 4; lastKnownFileType = sourcecode.c.h; path = blotPickerViewController.h; sourceTree = "<group>"; };
		DF5DA03915237D0B00FA679E /* blotPickerViewController.m */ = {isa = PBXFileReference; fileEncoding = 4; lastKnownFileType = sourcecode.c.objc; path = blotPickerViewController.m; sourceTree = "<group>"; };
		DF7509FA14E8267F00D9E0BA /* Inkle.app */ = {isa = PBXFileReference; explicitFileType = wrapper.application; includeInIndex = 0; path = Inkle.app; sourceTree = BUILT_PRODUCTS_DIR; };
		DF7509FE14E8267F00D9E0BA /* UIKit.framework */ = {isa = PBXFileReference; lastKnownFileType = wrapper.framework; name = UIKit.framework; path = System/Library/Frameworks/UIKit.framework; sourceTree = SDKROOT; };
		DF750A0014E8267F00D9E0BA /* Foundation.framework */ = {isa = PBXFileReference; lastKnownFileType = wrapper.framework; name = Foundation.framework; path = System/Library/Frameworks/Foundation.framework; sourceTree = SDKROOT; };
		DF750A0214E8267F00D9E0BA /* CoreGraphics.framework */ = {isa = PBXFileReference; lastKnownFileType = wrapper.framework; name = CoreGraphics.framework; path = System/Library/Frameworks/CoreGraphics.framework; sourceTree = SDKROOT; };
		DF750A0414E8267F00D9E0BA /* CoreData.framework */ = {isa = PBXFileReference; lastKnownFileType = wrapper.framework; name = CoreData.framework; path = System/Library/Frameworks/CoreData.framework; sourceTree = SDKROOT; };
		DF750A0814E8267F00D9E0BA /* Inkle-Info.plist */ = {isa = PBXFileReference; lastKnownFileType = text.plist.xml; path = "Inkle-Info.plist"; sourceTree = "<group>"; };
		DF750A0A14E8267F00D9E0BA /* en */ = {isa = PBXFileReference; lastKnownFileType = text.plist.strings; name = en; path = en.lproj/InfoPlist.strings; sourceTree = "<group>"; };
		DF750A0C14E8267F00D9E0BA /* main.m */ = {isa = PBXFileReference; lastKnownFileType = sourcecode.c.objc; path = main.m; sourceTree = "<group>"; };
		DF750A0E14E8267F00D9E0BA /* Inkle-Prefix.pch */ = {isa = PBXFileReference; lastKnownFileType = sourcecode.c.h; path = "Inkle-Prefix.pch"; sourceTree = "<group>"; };
		DF750A0F14E8267F00D9E0BA /* AppDelegate.h */ = {isa = PBXFileReference; lastKnownFileType = sourcecode.c.h; path = AppDelegate.h; sourceTree = "<group>"; };
		DF750A1014E8267F00D9E0BA /* AppDelegate.m */ = {isa = PBXFileReference; lastKnownFileType = sourcecode.c.objc; path = AppDelegate.m; sourceTree = "<group>"; };
		DF750A1314E8267F00D9E0BA /* Inkle.xcdatamodel */ = {isa = PBXFileReference; lastKnownFileType = wrapper.xcdatamodel; path = Inkle.xcdatamodel; sourceTree = "<group>"; };
		DF750A1A14E8267F00D9E0BA /* InkleTests.octest */ = {isa = PBXFileReference; explicitFileType = wrapper.cfbundle; includeInIndex = 0; path = InkleTests.octest; sourceTree = BUILT_PRODUCTS_DIR; };
		DF750A1B14E8267F00D9E0BA /* SenTestingKit.framework */ = {isa = PBXFileReference; lastKnownFileType = wrapper.framework; name = SenTestingKit.framework; path = Library/Frameworks/SenTestingKit.framework; sourceTree = DEVELOPER_DIR; };
		DF750A2414E8267F00D9E0BA /* InkleTests-Info.plist */ = {isa = PBXFileReference; lastKnownFileType = text.plist.xml; path = "InkleTests-Info.plist"; sourceTree = "<group>"; };
		DF750A2614E8267F00D9E0BA /* en */ = {isa = PBXFileReference; lastKnownFileType = text.plist.strings; name = en; path = en.lproj/InfoPlist.strings; sourceTree = "<group>"; };
		DF750A2814E8267F00D9E0BA /* InkleTests.h */ = {isa = PBXFileReference; lastKnownFileType = sourcecode.c.h; path = InkleTests.h; sourceTree = "<group>"; };
		DF750A2914E8267F00D9E0BA /* InkleTests.m */ = {isa = PBXFileReference; lastKnownFileType = sourcecode.c.objc; path = InkleTests.m; sourceTree = "<group>"; };
		DF750A3314E8291100D9E0BA /* Storyboard.storyboard */ = {isa = PBXFileReference; fileEncoding = 4; lastKnownFileType = file.storyboard; path = Storyboard.storyboard; sourceTree = "<group>"; };
		DF750A3514E8294600D9E0BA /* Default.png */ = {isa = PBXFileReference; lastKnownFileType = image.png; path = Default.png; sourceTree = "<group>"; };
		DF750A3714E8294A00D9E0BA /* Default@2x.png */ = {isa = PBXFileReference; lastKnownFileType = image.png; path = "Default@2x.png"; sourceTree = "<group>"; };
		DF750A3914E8295100D9E0BA /* icon.png */ = {isa = PBXFileReference; lastKnownFileType = image.png; path = icon.png; sourceTree = "<group>"; };
		DF750A3B14E8295400D9E0BA /* icon_retina.png */ = {isa = PBXFileReference; lastKnownFileType = image.png; path = icon_retina.png; sourceTree = "<group>"; };
		DF750A3D14E829DA00D9E0BA /* loginViewController.h */ = {isa = PBXFileReference; fileEncoding = 4; lastKnownFileType = sourcecode.c.h; path = loginViewController.h; sourceTree = "<group>"; };
		DF750A3E14E829DA00D9E0BA /* loginViewController.m */ = {isa = PBXFileReference; fileEncoding = 4; lastKnownFileType = sourcecode.c.objc; path = loginViewController.m; sourceTree = "<group>"; };
		DF750A4114E82B0700D9E0BA /* logo.png */ = {isa = PBXFileReference; lastKnownFileType = image.png; path = logo.png; sourceTree = "<group>"; };
		DF7DEE9E153A5FDB0001C0A1 /* myInklingsDateViewController.h */ = {isa = PBXFileReference; fileEncoding = 4; lastKnownFileType = sourcecode.c.h; path = myInklingsDateViewController.h; sourceTree = "<group>"; };
		DF7DEE9F153A5FDB0001C0A1 /* myInklingsDateViewController.m */ = {isa = PBXFileReference; fileEncoding = 4; lastKnownFileType = sourcecode.c.objc; path = myInklingsDateViewController.m; sourceTree = "<group>"; };
		DF9289731504764B00C31446 /* NSDataAdditions.h */ = {isa = PBXFileReference; fileEncoding = 4; lastKnownFileType = sourcecode.c.h; path = NSDataAdditions.h; sourceTree = "<group>"; };
		DF9289741504764B00C31446 /* NSDataAdditions.m */ = {isa = PBXFileReference; fileEncoding = 4; lastKnownFileType = sourcecode.c.objc; path = NSDataAdditions.m; sourceTree = "<group>"; };
		DF9289751504764B00C31446 /* RXMLElement.h */ = {isa = PBXFileReference; fileEncoding = 4; lastKnownFileType = sourcecode.c.h; path = RXMLElement.h; sourceTree = "<group>"; };
		DF9289761504764B00C31446 /* RXMLElement.m */ = {isa = PBXFileReference; fileEncoding = 4; lastKnownFileType = sourcecode.c.objc; path = RXMLElement.m; sourceTree = "<group>"; };
		DF9289771504764B00C31446 /* TBXML.h */ = {isa = PBXFileReference; fileEncoding = 4; lastKnownFileType = sourcecode.c.h; path = TBXML.h; sourceTree = "<group>"; };
		DF9289781504764B00C31446 /* TBXML.m */ = {isa = PBXFileReference; fileEncoding = 4; lastKnownFileType = sourcecode.c.objc; path = TBXML.m; sourceTree = "<group>"; };
		DFBC36401525454500137ABE /* location.jpg */ = {isa = PBXFileReference; lastKnownFileType = image.jpeg; path = location.jpg; sourceTree = "<group>"; };
		DFBC3643152557EA00137ABE /* asyncimageview.h */ = {isa = PBXFileReference; fileEncoding = 4; lastKnownFileType = sourcecode.c.h; path = asyncimageview.h; sourceTree = "<group>"; };
		DFBC3644152557EA00137ABE /* asyncimageview.m */ = {isa = PBXFileReference; fileEncoding = 4; lastKnownFileType = sourcecode.c.objc; path = asyncimageview.m; sourceTree = "<group>"; };
		DFC7D12015043EC1000717D5 /* libz.dylib */ = {isa = PBXFileReference; lastKnownFileType = "compiled.mach-o.dylib"; name = libz.dylib; path = usr/lib/libz.dylib; sourceTree = SDKROOT; };
		DFCA901F14F05CC900E2C634 /* mainMenuViewController.h */ = {isa = PBXFileReference; fileEncoding = 4; lastKnownFileType = sourcecode.c.h; path = mainMenuViewController.h; sourceTree = "<group>"; };
		DFCA902014F05CC900E2C634 /* mainMenuViewController.m */ = {isa = PBXFileReference; fileEncoding = 4; lastKnownFileType = sourcecode.c.objc; path = mainMenuViewController.m; sourceTree = "<group>"; };
		DFCA902214F05DF500E2C634 /* blotblue.png */ = {isa = PBXFileReference; lastKnownFileType = image.png; path = blotblue.png; sourceTree = "<group>"; };
		DFD6D8FA151C59E600B8B118 /* OthersInklingsTableViewController.h */ = {isa = PBXFileReference; fileEncoding = 4; lastKnownFileType = sourcecode.c.h; path = OthersInklingsTableViewController.h; sourceTree = "<group>"; };
		DFD6D8FB151C59E600B8B118 /* OthersInklingsTableViewController.m */ = {isa = PBXFileReference; fileEncoding = 4; lastKnownFileType = sourcecode.c.objc; path = OthersInklingsTableViewController.m; sourceTree = "<group>"; };
		DFFB71E31534C12B00E74DF3 /* MyInklingsViewController.h */ = {isa = PBXFileReference; fileEncoding = 4; lastKnownFileType = sourcecode.c.h; path = MyInklingsViewController.h; sourceTree = "<group>"; };
		DFFB71E41534C12B00E74DF3 /* MyInklingsViewController.m */ = {isa = PBXFileReference; fileEncoding = 4; lastKnownFileType = sourcecode.c.objc; path = MyInklingsViewController.m; sourceTree = "<group>"; };
		DFFDBE1D152BBE3100932F05 /* OthersInklingsDataObject.h */ = {isa = PBXFileReference; fileEncoding = 4; lastKnownFileType = sourcecode.c.h; name = OthersInklingsDataObject.h; path = Inkle/OthersInklingsDataObject.h; sourceTree = "<group>"; };
/* End PBXFileReference section */

/* Begin PBXFrameworksBuildPhase section */
		DF7509F714E8267F00D9E0BA /* Frameworks */ = {
			isa = PBXFrameworksBuildPhase;
			buildActionMask = 2147483647;
			files = (
				DFC7D12115043EC1000717D5 /* libz.dylib in Frameworks */,
				DF7509FF14E8267F00D9E0BA /* UIKit.framework in Frameworks */,
				DF750A0114E8267F00D9E0BA /* Foundation.framework in Frameworks */,
				DF750A0314E8267F00D9E0BA /* CoreGraphics.framework in Frameworks */,
				DF750A0514E8267F00D9E0BA /* CoreData.framework in Frameworks */,
			);
			runOnlyForDeploymentPostprocessing = 0;
		};
		DF750A1614E8267F00D9E0BA /* Frameworks */ = {
			isa = PBXFrameworksBuildPhase;
			buildActionMask = 2147483647;
			files = (
				DF750A1C14E8267F00D9E0BA /* SenTestingKit.framework in Frameworks */,
				DF750A1D14E8267F00D9E0BA /* UIKit.framework in Frameworks */,
				DF750A1E14E8267F00D9E0BA /* Foundation.framework in Frameworks */,
				DF750A1F14E8267F00D9E0BA /* CoreData.framework in Frameworks */,
			);
			runOnlyForDeploymentPostprocessing = 0;
		};
/* End PBXFrameworksBuildPhase section */

/* Begin PBXGroup section */
		DF7509EF14E8267E00D9E0BA = {
			isa = PBXGroup;
			children = (
				DFBC3643152557EA00137ABE /* asyncimageview.h */,
				DFBC3644152557EA00137ABE /* asyncimageview.m */,
				802ABEB61524F15B0012B18C /* peopleGroups.h */,
				802ABEB71524F15B0012B18C /* peopleGroups.m */,
				DFD6D8FA151C59E600B8B118 /* OthersInklingsTableViewController.h */,
				DFD6D8FB151C59E600B8B118 /* OthersInklingsTableViewController.m */,
				DFC7D12015043EC1000717D5 /* libz.dylib */,
				DF9289691504760200C31446 /* RaptureXML */,
				DF20C46F14E8CD3D006EDE9F /* icon57px.png */,
				DF750A4014E82AEC00D9E0BA /* Images */,
				DF750A3314E8291100D9E0BA /* Storyboard.storyboard */,
				DF7DEE9E153A5FDB0001C0A1 /* myInklingsDateViewController.h */,
				DF7DEE9F153A5FDB0001C0A1 /* myInklingsDateViewController.m */,
				DFFB71E31534C12B00E74DF3 /* MyInklingsViewController.h */,
				DFFB71E41534C12B00E74DF3 /* MyInklingsViewController.m */,
				804DBEB7152900C7000FFC1B /* othersInklingsNavigationController.h */,
				804DBEB8152900C7000FFC1B /* othersInklingsNavigationController.m */,
				DF5DA03815237D0B00FA679E /* blotPickerViewController.h */,
				DF5DA03915237D0B00FA679E /* blotPickerViewController.m */,
				DFFDBE1D152BBE3100932F05 /* OthersInklingsDataObject.h */,
				804DBEB51528E516000FFC1B /* OthersInklingsDataObject.m */,
				8021925A1520B7E900C7D3D6 /* InvitesViewController.h */,
				8021925B1520B7E900C7D3D6 /* InvitesViewController.m */,
				8007E68C15044700002D2F4D /* Inklings.m */,
				8007E68B15044700002D2F4D /* Inklings.h */,
				80EC990815235DC500F7CACA /* Invites.h */,
				80EC990915235DC500F7CACA /* Invites.m */,
				DF48FA8814F2D5C200F3F13E /* othersInklingsViewController.h */,
				DF48FA8914F2D5C200F3F13E /* othersInklingsViewController.m */,
				DFCA901F14F05CC900E2C634 /* mainMenuViewController.h */,
				DFCA902014F05CC900E2C634 /* mainMenuViewController.m */,
				DF750A3D14E829DA00D9E0BA /* loginViewController.h */,
				DF750A3E14E829DA00D9E0BA /* loginViewController.m */,
				DF750A0614E8267F00D9E0BA /* Inkle */,
				DF750A2214E8267F00D9E0BA /* InkleTests */,
				DF7509FD14E8267F00D9E0BA /* Frameworks */,
				DF7509FB14E8267F00D9E0BA /* Products */,
			);
			sourceTree = "<group>";
		};
		DF7509FB14E8267F00D9E0BA /* Products */ = {
			isa = PBXGroup;
			children = (
				DF7509FA14E8267F00D9E0BA /* Inkle.app */,
				DF750A1A14E8267F00D9E0BA /* InkleTests.octest */,
			);
			name = Products;
			sourceTree = "<group>";
		};
		DF7509FD14E8267F00D9E0BA /* Frameworks */ = {
			isa = PBXGroup;
			children = (
				DF7509FE14E8267F00D9E0BA /* UIKit.framework */,
				DF750A0014E8267F00D9E0BA /* Foundation.framework */,
				DF750A0214E8267F00D9E0BA /* CoreGraphics.framework */,
				DF750A0414E8267F00D9E0BA /* CoreData.framework */,
				DF750A1B14E8267F00D9E0BA /* SenTestingKit.framework */,
			);
			name = Frameworks;
			sourceTree = "<group>";
		};
		DF750A0614E8267F00D9E0BA /* Inkle */ = {
			isa = PBXGroup;
			children = (
				DF750A0F14E8267F00D9E0BA /* AppDelegate.h */,
				804DBEB31528E47E000FFC1B /* AppDelegateProtocol.h */,
				DF750A1014E8267F00D9E0BA /* AppDelegate.m */,
				DF750A1214E8267F00D9E0BA /* Inkle.xcdatamodeld */,
				DF750A0714E8267F00D9E0BA /* Supporting Files */,
			);
			path = Inkle;
			sourceTree = "<group>";
		};
		DF750A0714E8267F00D9E0BA /* Supporting Files */ = {
			isa = PBXGroup;
			children = (
				DF750A0814E8267F00D9E0BA /* Inkle-Info.plist */,
				DF750A0914E8267F00D9E0BA /* InfoPlist.strings */,
				DF750A0C14E8267F00D9E0BA /* main.m */,
				DF750A0E14E8267F00D9E0BA /* Inkle-Prefix.pch */,
			);
			name = "Supporting Files";
			sourceTree = "<group>";
		};
		DF750A2214E8267F00D9E0BA /* InkleTests */ = {
			isa = PBXGroup;
			children = (
				DF750A2814E8267F00D9E0BA /* InkleTests.h */,
				DF750A2914E8267F00D9E0BA /* InkleTests.m */,
				DF750A2314E8267F00D9E0BA /* Supporting Files */,
			);
			path = InkleTests;
			sourceTree = "<group>";
		};
		DF750A2314E8267F00D9E0BA /* Supporting Files */ = {
			isa = PBXGroup;
			children = (
				DF750A2414E8267F00D9E0BA /* InkleTests-Info.plist */,
				DF750A2514E8267F00D9E0BA /* InfoPlist.strings */,
			);
			name = "Supporting Files";
			sourceTree = "<group>";
		};
		DF750A4014E82AEC00D9E0BA /* Images */ = {
			isa = PBXGroup;
			children = (
				DFBC36401525454500137ABE /* location.jpg */,
				DF750A3514E8294600D9E0BA /* Default.png */,
				DF750A3714E8294A00D9E0BA /* Default@2x.png */,
				DF750A3914E8295100D9E0BA /* icon.png */,
				DF750A3B14E8295400D9E0BA /* icon_retina.png */,
				DFCA902214F05DF500E2C634 /* blotblue.png */,
				DF750A4114E82B0700D9E0BA /* logo.png */,
			);
			name = Images;
			sourceTree = "<group>";
		};
		DF9289691504760200C31446 /* RaptureXML */ = {
			isa = PBXGroup;
			children = (
				DF9289731504764B00C31446 /* NSDataAdditions.h */,
				DF9289741504764B00C31446 /* NSDataAdditions.m */,
				DF9289751504764B00C31446 /* RXMLElement.h */,
				DF9289761504764B00C31446 /* RXMLElement.m */,
				DF9289771504764B00C31446 /* TBXML.h */,
				DF9289781504764B00C31446 /* TBXML.m */,
			);
			name = RaptureXML;
			sourceTree = "<group>";
		};
/* End PBXGroup section */

/* Begin PBXNativeTarget section */
		DF7509F914E8267F00D9E0BA /* Inkle */ = {
			isa = PBXNativeTarget;
			buildConfigurationList = DF750A2D14E8267F00D9E0BA /* Build configuration list for PBXNativeTarget "Inkle" */;
			buildPhases = (
				DF7509F614E8267F00D9E0BA /* Sources */,
				DF7509F714E8267F00D9E0BA /* Frameworks */,
				DF7509F814E8267F00D9E0BA /* Resources */,
			);
			buildRules = (
			);
			dependencies = (
			);
			name = Inkle;
			productName = Inkle;
			productReference = DF7509FA14E8267F00D9E0BA /* Inkle.app */;
			productType = "com.apple.product-type.application";
		};
		DF750A1914E8267F00D9E0BA /* InkleTests */ = {
			isa = PBXNativeTarget;
			buildConfigurationList = DF750A3014E8267F00D9E0BA /* Build configuration list for PBXNativeTarget "InkleTests" */;
			buildPhases = (
				DF750A1514E8267F00D9E0BA /* Sources */,
				DF750A1614E8267F00D9E0BA /* Frameworks */,
				DF750A1714E8267F00D9E0BA /* Resources */,
				DF750A1814E8267F00D9E0BA /* ShellScript */,
			);
			buildRules = (
			);
			dependencies = (
				DF750A2114E8267F00D9E0BA /* PBXTargetDependency */,
			);
			name = InkleTests;
			productName = InkleTests;
			productReference = DF750A1A14E8267F00D9E0BA /* InkleTests.octest */;
			productType = "com.apple.product-type.bundle";
		};
/* End PBXNativeTarget section */

/* Begin PBXProject section */
		DF7509F114E8267E00D9E0BA /* Project object */ = {
			isa = PBXProject;
			attributes = {
				LastUpgradeCheck = 0430;
			};
			buildConfigurationList = DF7509F414E8267E00D9E0BA /* Build configuration list for PBXProject "Inkle" */;
			compatibilityVersion = "Xcode 3.2";
			developmentRegion = English;
			hasScannedForEncodings = 0;
			knownRegions = (
				en,
			);
			mainGroup = DF7509EF14E8267E00D9E0BA;
			productRefGroup = DF7509FB14E8267F00D9E0BA /* Products */;
			projectDirPath = "";
			projectRoot = "";
			targets = (
				DF7509F914E8267F00D9E0BA /* Inkle */,
				DF750A1914E8267F00D9E0BA /* InkleTests */,
			);
		};
/* End PBXProject section */

/* Begin PBXResourcesBuildPhase section */
		DF7509F814E8267F00D9E0BA /* Resources */ = {
			isa = PBXResourcesBuildPhase;
			buildActionMask = 2147483647;
			files = (
				DF750A0B14E8267F00D9E0BA /* InfoPlist.strings in Resources */,
				DF750A3414E8291100D9E0BA /* Storyboard.storyboard in Resources */,
				DF750A3614E8294600D9E0BA /* Default.png in Resources */,
				DF750A3814E8294A00D9E0BA /* Default@2x.png in Resources */,
				DF750A3A14E8295100D9E0BA /* icon.png in Resources */,
				DF750A3C14E8295400D9E0BA /* icon_retina.png in Resources */,
				DF750A4214E82B0700D9E0BA /* logo.png in Resources */,
				DF20C47014E8CD3D006EDE9F /* icon57px.png in Resources */,
				DFCA902314F05DF500E2C634 /* blotblue.png in Resources */,
				DFBC36411525454500137ABE /* location.jpg in Resources */,
			);
			runOnlyForDeploymentPostprocessing = 0;
		};
		DF750A1714E8267F00D9E0BA /* Resources */ = {
			isa = PBXResourcesBuildPhase;
			buildActionMask = 2147483647;
			files = (
				DF750A2714E8267F00D9E0BA /* InfoPlist.strings in Resources */,
			);
			runOnlyForDeploymentPostprocessing = 0;
		};
/* End PBXResourcesBuildPhase section */

/* Begin PBXShellScriptBuildPhase section */
		DF750A1814E8267F00D9E0BA /* ShellScript */ = {
			isa = PBXShellScriptBuildPhase;
			buildActionMask = 2147483647;
			files = (
			);
			inputPaths = (
			);
			outputPaths = (
			);
			runOnlyForDeploymentPostprocessing = 0;
			shellPath = /bin/sh;
			shellScript = "# Run the unit tests in this test bundle.\n\"${SYSTEM_DEVELOPER_DIR}/Tools/RunUnitTests\"\n";
		};
/* End PBXShellScriptBuildPhase section */

/* Begin PBXSourcesBuildPhase section */
		DF7509F614E8267F00D9E0BA /* Sources */ = {
			isa = PBXSourcesBuildPhase;
			buildActionMask = 2147483647;
			files = (
				DF750A0D14E8267F00D9E0BA /* main.m in Sources */,
				DF750A1114E8267F00D9E0BA /* AppDelegate.m in Sources */,
				DF750A1414E8267F00D9E0BA /* Inkle.xcdatamodeld in Sources */,
				DF750A3F14E829DA00D9E0BA /* loginViewController.m in Sources */,
				DFCA902114F05CC900E2C634 /* mainMenuViewController.m in Sources */,
				DF48FA8A14F2D5C200F3F13E /* othersInklingsViewController.m in Sources */,
				8007E68D15044700002D2F4D /* Inklings.m in Sources */,
				DF9289791504764B00C31446 /* NSDataAdditions.m in Sources */,
				DF92897A1504764B00C31446 /* RXMLElement.m in Sources */,
				DF92897B1504764B00C31446 /* TBXML.m in Sources */,
				DFD6D8FC151C59E600B8B118 /* OthersInklingsTableViewController.m in Sources */,
				8021925C1520B7E900C7D3D6 /* InvitesViewController.m in Sources */,
				80EC990A15235DC500F7CACA /* Invites.m in Sources */,
				DF5DA03A15237D0B00FA679E /* blotPickerViewController.m in Sources */,
				802ABEB81524F15B0012B18C /* peopleGroups.m in Sources */,
				DFBC3645152557EA00137ABE /* asyncimageview.m in Sources */,
				804DBEB61528E516000FFC1B /* OthersInklingsDataObject.m in Sources */,
				804DBEB9152900C7000FFC1B /* othersInklingsNavigationController.m in Sources */,
				DFFB71E51534C12B00E74DF3 /* MyInklingsViewController.m in Sources */,
				DF7DEEA0153A5FDB0001C0A1 /* myInklingsDateViewController.m in Sources */,
			);
			runOnlyForDeploymentPostprocessing = 0;
		};
		DF750A1514E8267F00D9E0BA /* Sources */ = {
			isa = PBXSourcesBuildPhase;
			buildActionMask = 2147483647;
			files = (
				DF750A2A14E8267F00D9E0BA /* InkleTests.m in Sources */,
			);
			runOnlyForDeploymentPostprocessing = 0;
		};
/* End PBXSourcesBuildPhase section */

/* Begin PBXTargetDependency section */
		DF750A2114E8267F00D9E0BA /* PBXTargetDependency */ = {
			isa = PBXTargetDependency;
			target = DF7509F914E8267F00D9E0BA /* Inkle */;
			targetProxy = DF750A2014E8267F00D9E0BA /* PBXContainerItemProxy */;
		};
/* End PBXTargetDependency section */

/* Begin PBXVariantGroup section */
		DF750A0914E8267F00D9E0BA /* InfoPlist.strings */ = {
			isa = PBXVariantGroup;
			children = (
				DF750A0A14E8267F00D9E0BA /* en */,
			);
			name = InfoPlist.strings;
			sourceTree = "<group>";
		};
		DF750A2514E8267F00D9E0BA /* InfoPlist.strings */ = {
			isa = PBXVariantGroup;
			children = (
				DF750A2614E8267F00D9E0BA /* en */,
			);
			name = InfoPlist.strings;
			sourceTree = "<group>";
		};
/* End PBXVariantGroup section */

/* Begin XCBuildConfiguration section */
		DF750A2B14E8267F00D9E0BA /* Debug */ = {
			isa = XCBuildConfiguration;
			buildSettings = {
				ALWAYS_SEARCH_USER_PATHS = NO;
				ARCHS = "$(ARCHS_STANDARD_32_BIT)";
				CLANG_ENABLE_OBJC_ARC = YES;
				"CODE_SIGN_IDENTITY[sdk=iphoneos*]" = "iPhone Developer";
				COPY_PHASE_STRIP = NO;
				GCC_C_LANGUAGE_STANDARD = gnu99;
				GCC_DYNAMIC_NO_PIC = NO;
				GCC_OPTIMIZATION_LEVEL = 0;
				GCC_PREPROCESSOR_DEFINITIONS = (
					"DEBUG=1",
					"$(inherited)",
				);
				GCC_SYMBOLS_PRIVATE_EXTERN = NO;
				GCC_VERSION = com.apple.compilers.llvm.clang.1_0;
				GCC_WARN_ABOUT_MISSING_PROTOTYPES = YES;
				GCC_WARN_ABOUT_RETURN_TYPE = YES;
				GCC_WARN_UNUSED_VARIABLE = YES;
				IPHONEOS_DEPLOYMENT_TARGET = 5.0;
				SDKROOT = iphoneos;
			};
			name = Debug;
		};
		DF750A2C14E8267F00D9E0BA /* Release */ = {
			isa = XCBuildConfiguration;
			buildSettings = {
				ALWAYS_SEARCH_USER_PATHS = NO;
				ARCHS = "$(ARCHS_STANDARD_32_BIT)";
				CLANG_ENABLE_OBJC_ARC = YES;
				"CODE_SIGN_IDENTITY[sdk=iphoneos*]" = "iPhone Developer";
				COPY_PHASE_STRIP = YES;
				GCC_C_LANGUAGE_STANDARD = gnu99;
				GCC_VERSION = com.apple.compilers.llvm.clang.1_0;
				GCC_WARN_ABOUT_MISSING_PROTOTYPES = YES;
				GCC_WARN_ABOUT_RETURN_TYPE = YES;
				GCC_WARN_UNUSED_VARIABLE = YES;
				IPHONEOS_DEPLOYMENT_TARGET = 5.0;
				OTHER_CFLAGS = "-DNS_BLOCK_ASSERTIONS=1";
				SDKROOT = iphoneos;
				VALIDATE_PRODUCT = YES;
			};
			name = Release;
		};
		DF750A2E14E8267F00D9E0BA /* Debug */ = {
			isa = XCBuildConfiguration;
			buildSettings = {
				GCC_PRECOMPILE_PREFIX_HEADER = YES;
				GCC_PREFIX_HEADER = "Inkle/Inkle-Prefix.pch";
				INFOPLIST_FILE = "Inkle/Inkle-Info.plist";
				PRODUCT_NAME = "$(TARGET_NAME)";
				WRAPPER_EXTENSION = app;
			};
			name = Debug;
		};
		DF750A2F14E8267F00D9E0BA /* Release */ = {
			isa = XCBuildConfiguration;
			buildSettings = {
				GCC_PRECOMPILE_PREFIX_HEADER = YES;
				GCC_PREFIX_HEADER = "Inkle/Inkle-Prefix.pch";
				INFOPLIST_FILE = "Inkle/Inkle-Info.plist";
				PRODUCT_NAME = "$(TARGET_NAME)";
				WRAPPER_EXTENSION = app;
			};
			name = Release;
		};
		DF750A3114E8267F00D9E0BA /* Debug */ = {
			isa = XCBuildConfiguration;
			buildSettings = {
				BUNDLE_LOADER = "$(BUILT_PRODUCTS_DIR)/Inkle.app/Inkle";
				FRAMEWORK_SEARCH_PATHS = (
					"$(SDKROOT)/Developer/Library/Frameworks",
					"$(DEVELOPER_LIBRARY_DIR)/Frameworks",
				);
				GCC_PRECOMPILE_PREFIX_HEADER = YES;
				GCC_PREFIX_HEADER = "Inkle/Inkle-Prefix.pch";
				INFOPLIST_FILE = "InkleTests/InkleTests-Info.plist";
				PRODUCT_NAME = "$(TARGET_NAME)";
				TEST_HOST = "$(BUNDLE_LOADER)";
				WRAPPER_EXTENSION = octest;
			};
			name = Debug;
		};
		DF750A3214E8267F00D9E0BA /* Release */ = {
			isa = XCBuildConfiguration;
			buildSettings = {
				BUNDLE_LOADER = "$(BUILT_PRODUCTS_DIR)/Inkle.app/Inkle";
				FRAMEWORK_SEARCH_PATHS = (
					"$(SDKROOT)/Developer/Library/Frameworks",
					"$(DEVELOPER_LIBRARY_DIR)/Frameworks",
				);
				GCC_PRECOMPILE_PREFIX_HEADER = YES;
				GCC_PREFIX_HEADER = "Inkle/Inkle-Prefix.pch";
				INFOPLIST_FILE = "InkleTests/InkleTests-Info.plist";
				PRODUCT_NAME = "$(TARGET_NAME)";
				TEST_HOST = "$(BUNDLE_LOADER)";
				WRAPPER_EXTENSION = octest;
			};
			name = Release;
		};
/* End XCBuildConfiguration section */

/* Begin XCConfigurationList section */
		DF7509F414E8267E00D9E0BA /* Build configuration list for PBXProject "Inkle" */ = {
			isa = XCConfigurationList;
			buildConfigurations = (
				DF750A2B14E8267F00D9E0BA /* Debug */,
				DF750A2C14E8267F00D9E0BA /* Release */,
			);
			defaultConfigurationIsVisible = 0;
			defaultConfigurationName = Release;
		};
		DF750A2D14E8267F00D9E0BA /* Build configuration list for PBXNativeTarget "Inkle" */ = {
			isa = XCConfigurationList;
			buildConfigurations = (
				DF750A2E14E8267F00D9E0BA /* Debug */,
				DF750A2F14E8267F00D9E0BA /* Release */,
			);
			defaultConfigurationIsVisible = 0;
			defaultConfigurationName = Release;
		};
		DF750A3014E8267F00D9E0BA /* Build configuration list for PBXNativeTarget "InkleTests" */ = {
			isa = XCConfigurationList;
			buildConfigurations = (
				DF750A3114E8267F00D9E0BA /* Debug */,
				DF750A3214E8267F00D9E0BA /* Release */,
			);
			defaultConfigurationIsVisible = 0;
			defaultConfigurationName = Release;
		};
/* End XCConfigurationList section */

/* Begin XCVersionGroup section */
		DF750A1214E8267F00D9E0BA /* Inkle.xcdatamodeld */ = {
			isa = XCVersionGroup;
			children = (
				DF750A1314E8267F00D9E0BA /* Inkle.xcdatamodel */,
			);
			currentVersion = DF750A1314E8267F00D9E0BA /* Inkle.xcdatamodel */;
			path = Inkle.xcdatamodeld;
			sourceTree = "<group>";
			versionGroupType = wrapper.xcdatamodel;
		};
/* End XCVersionGroup section */
	};
	rootObject = DF7509F114E8267E00D9E0BA /* Project object */;
}
